
Microsoft Visual Studio Solution File, Format Version 12.00
# Visual Studio Version 16
VisualStudioVersion = 16.0.30320.27
MinimumVisualStudioVersion = 10.0.40219.1
Project("{FAE04EC0-301F-11D3-BF4B-00C04F79EFBC}") = "WebAppDotNet", "WebAppDotNet\WebAppDotNet.csproj", "{8E3A2FF3-6758-47A8-817A-2BF4FF37BA41}"
EndProject
Global
	GlobalSection(SolutionConfigurationPlatforms) = preSolution
		Debug|Any CPU = Debug|Any CPU
		Release|Any CPU = Release|Any CPU
	EndGlobalSection
	GlobalSection(ProjectConfigurationPlatforms) = postSolution
		{8E3A2FF3-6758-47A8-817A-2BF4FF37BA41}.Debug|Any CPU.ActiveCfg = Debug|Any CPU
		{8E3A2FF3-6758-47A8-817A-2BF4FF37BA41}.Debug|Any CPU.Build.0 = Debug|Any CPU
		{8E3A2FF3-6758-47A8-817A-2BF4FF37BA41}.Release|Any CPU.ActiveCfg = Release|Any CPU
		{8E3A2FF3-6758-47A8-817A-2BF4FF37BA41}.Release|Any CPU.Build.0 = Release|Any CPU
	EndGlobalSection
	GlobalSection(SolutionProperties) = preSolution
		HideSolutionNode = FALSE
	EndGlobalSection
	GlobalSection(ExtensibilityGlobals) = postSolution
		SolutionGuid = {7795E02F-1E94-43B2-B91D-48A384519E3F}
	EndGlobalSection
EndGlobal
